
Microsoft Visual Studio Solution File, Format Version 12.00
# Visual Studio Version 16
VisualStudioVersion = 16.0.31911.196
MinimumVisualStudioVersion = 10.0.40219.1
Project("{FAE04EC0-301F-11D3-BF4B-00C04F79EFBC}") = "ADO Home Work 1", "ADO Home Work 1.csproj", "{CCE7A775-D142-41E9-BCBC-C72BD6ACA34C}"
EndProject
Global
	GlobalSection(SolutionConfigurationPlatforms) = preSolution
		Debug|Any CPU = Debug|Any CPU
		Release|Any CPU = Release|Any CPU
	EndGlobalSection
	GlobalSection(ProjectConfigurationPlatforms) = postSolution
		{CCE7A775-D142-41E9-BCBC-C72BD6ACA34C}.Debug|Any CPU.ActiveCfg = Debug|Any CPU
		{CCE7A775-D142-41E9-BCBC-C72BD6ACA34C}.Debug|Any CPU.Build.0 = Debug|Any CPU
		{CCE7A775-D142-41E9-BCBC-C72BD6ACA34C}.Release|Any CPU.ActiveCfg = Release|Any CPU
		{CCE7A775-D142-41E9-BCBC-C72BD6ACA34C}.Release|Any CPU.Build.0 = Release|Any CPU
	EndGlobalSection
	GlobalSection(SolutionProperties) = preSolution
		HideSolutionNode = FALSE
	EndGlobalSection
	GlobalSection(ExtensibilityGlobals) = postSolution
		SolutionGuid = {7BCCE9A6-6D7D-4F8B-80D1-42AF91FFFBB5}
	EndGlobalSection
EndGlobal
